<?xml version="1.0" encoding="utf-8"?>
<Project ToolsVersion="4.0" xmlns="http://schemas.microsoft.com/developer/msbuild/2003">
  <ItemGroup>
    <Filter Include="源文件">
      <UniqueIdentifier>{4FC737F1-C7A5-4376-A066-2A32D752A2FF}</UniqueIdentifier>
      <Extensions>cpp;c;cc;cxx;def;odl;idl;hpj;bat;asm;asmx</Extensions>
    </Filter>
    <Filter Include="头文件">
      <UniqueIdentifier>{93995380-89BD-4b04-88EB-625FBE52EBFB}</UniqueIdentifier>
      <Extensions>h;hh;hpp;hxx;hm;inl;inc;xsd</Extensions>
    </Filter>
    <Filter Include="资源文件">
      <UniqueIdentifier>{67DA6AB6-F800-4c08-8B7A-83BB121AAD01}</UniqueIdentifier>
      <Extensions>rc;ico;cur;bmp;dlg;rc2;rct;bin;rgs;gif;jpg;jpeg;jpe;resx;tiff;tif;png;wav;mfcribbon-ms</Extensions>
    </Filter>
  </ItemGroup>
  <ItemGroup>
    <ClInclude Include="resource.h">
      <Filter>头文件</Filter>
    </ClInclude>
    <ClInclude Include="..\..\px4_defines.h">
      <Filter>头文件</Filter>
    </ClInclude>
    <ClInclude Include="..\..\px4_log.h">
      <Filter>头文件</Filter>
    </ClInclude>
    <ClInclude Include="..\..\resource.h">
      <Filter>头文件</Filter>
    </ClInclude>
    <ClInclude Include="..\..\visibility.h">
      <Filter>头文件</Filter>
    </ClInclude>
    <ClInclude Include="..\..\attitude_estimator_ekf\attitude_estimator_ekf_main.hpp">
      <Filter>头文件</Filter>
    </ClInclude>
    <ClInclude Include="..\..\attitude_estimator_ekf\attitude_estimator_ekf_params.h">
      <Filter>头文件</Filter>
    </ClInclude>
    <ClInclude Include="..\..\attitude_estimator_ekf\codegen\AttitudeEKF.h">
      <Filter>头文件</Filter>
    </ClInclude>
    <ClInclude Include="..\..\attitude_estimator_ekf\codegen\AttitudeEKF_types.h">
      <Filter>头文件</Filter>
    </ClInclude>
    <ClInclude Include="..\..\attitude_estimator_ekf\codegen\rtwtypes.h">
      <Filter>头文件</Filter>
    </ClInclude>
    <ClInclude Include="..\..\sensors\LowPassFilter2p.hpp">
      <Filter>头文件</Filter>
    </ClInclude>
    <ClInclude Include="..\..\sensors\sensor.hpp">
      <Filter>头文件</Filter>
    </ClInclude>
    <ClInclude Include="..\..\lib\matrix\matrix\AxisAngle.hpp">
      <Filter>头文件</Filter>
    </ClInclude>
    <ClInclude Include="..\..\lib\matrix\matrix\Dcm.hpp">
      <Filter>头文件</Filter>
    </ClInclude>
    <ClInclude Include="..\..\lib\matrix\matrix\Euler.hpp">
      <Filter>头文件</Filter>
    </ClInclude>
    <ClInclude Include="..\..\lib\matrix\matrix\filter.hpp">
      <Filter>头文件</Filter>
    </ClInclude>
    <ClInclude Include="..\..\lib\matrix\matrix\helper_functions.hpp">
      <Filter>头文件</Filter>
    </ClInclude>
    <ClInclude Include="..\..\lib\matrix\matrix\integration.hpp">
      <Filter>头文件</Filter>
    </ClInclude>
    <ClInclude Include="..\..\lib\matrix\matrix\math.hpp">
      <Filter>头文件</Filter>
    </ClInclude>
    <ClInclude Include="..\..\lib\matrix\matrix\Matrix.hpp">
      <Filter>头文件</Filter>
    </ClInclude>
    <ClInclude Include="..\..\lib\matrix\matrix\Quaternion.hpp">
      <Filter>头文件</Filter>
    </ClInclude>
    <ClInclude Include="..\..\lib\matrix\matrix\Scalar.hpp">
      <Filter>头文件</Filter>
    </ClInclude>
    <ClInclude Include="..\..\lib\matrix\matrix\SquareMatrix.hpp">
      <Filter>头文件</Filter>
    </ClInclude>
    <ClInclude Include="..\..\lib\matrix\matrix\Vector.hpp">
      <Filter>头文件</Filter>
    </ClInclude>
    <ClInclude Include="..\..\lib\matrix\matrix\Vector2.hpp">
      <Filter>头文件</Filter>
    </ClInclude>
    <ClInclude Include="..\..\lib\matrix\matrix\Vector3.hpp">
      <Filter>头文件</Filter>
    </ClInclude>
    <ClInclude Include="..\..\lib\mathlib\mathlib.h">
      <Filter>头文件</Filter>
    </ClInclude>
    <ClInclude Include="..\..\lib\mathlib\math\Limits.hpp">
      <Filter>头文件</Filter>
    </ClInclude>
    <ClInclude Include="..\..\lib\mathlib\math\Matrix.hpp">
      <Filter>头文件</Filter>
    </ClInclude>
    <ClInclude Include="..\..\lib\mathlib\math\Quaternion.hpp">
      <Filter>头文件</Filter>
    </ClInclude>
    <ClInclude Include="..\..\lib\mathlib\math\Vector.hpp">
      <Filter>头文件</Filter>
    </ClInclude>
    <ClInclude Include="..\..\lib\mathlib\math\filter\LowPassFilter2p.hpp">
      <Filter>头文件</Filter>
    </ClInclude>
  </ItemGroup>
  <ItemGroup>
    <ResourceCompile Include="AOP.rc">
      <Filter>资源文件</Filter>
    </ResourceCompile>
  </ItemGroup>
  <ItemGroup>
    <ClCompile Include="..\..\attitude.cpp">
      <Filter>源文件</Filter>
    </ClCompile>
    <ClCompile Include="..\..\attitude_estimator_ekf\attitude_estimator_ekf_main.cpp">
      <Filter>源文件</Filter>
    </ClCompile>
    <ClCompile Include="..\..\attitude_estimator_ekf\codegen\AttitudeEKF.c">
      <Filter>源文件</Filter>
    </ClCompile>
    <ClCompile Include="..\..\sensors\sensors.cpp">
      <Filter>源文件</Filter>
    </ClCompile>
    <ClCompile Include="..\..\lib\mathlib\math\Limits.cpp">
      <Filter>源文件</Filter>
    </ClCompile>
    <ClCompile Include="..\..\lib\mathlib\math\filter\LowPassFilter2p.cpp">
      <Filter>源文件</Filter>
    </ClCompile>
  </ItemGroup>
  <ItemGroup>
    <None Include="..\..\sensors\sensor" />
    <None Include="..\..\lib\mathlib\math\nasa_rotation_def.pdf" />
    <None Include="..\..\lib\mathlib\math\test_math.sce" />
  </ItemGroup>
  <ItemGroup>
    <Text Include="..\..\lib\mathlib\math\filter\CMakeLists.txt" />
  </ItemGroup>
</Project>